
Microsoft Visual Studio Solution File, Format Version 12.00
# Visual Studio Version 16
VisualStudioVersion = 16.0.28917.181
MinimumVisualStudioVersion = 10.0.40219.1
Project("{FAE04EC0-301F-11D3-BF4B-00C04F79EFBC}") = "DogOrCat.UWP", "DogOrCat\DogOrCat.UWP\DogOrCat.UWP.csproj", "{FEFE1202-E3FB-4CD4-A8B6-6AEE48F562FA}"
EndProject
Project("{FAE04EC0-301F-11D3-BF4B-00C04F79EFBC}") = "DogOrCat.Android", "DogOrCat\DogOrCat.Android\DogOrCat.Android.csproj", "{F38107D1-4770-4BA0-BBB6-C31B8C5F27EB}"
EndProject
Project("{FAE04EC0-301F-11D3-BF4B-00C04F79EFBC}") = "DogOrCat.iOS", "DogOrCat\DogOrCat.iOS\DogOrCat.iOS.csproj", "{9846439B-E76B-4BDD-9506-FC7073C39E99}"
EndProject
Project("{FAE04EC0-301F-11D3-BF4B-00C04F79EFBC}") = "DogOrCat", "DogOrCat\DogOrCat\DogOrCat.csproj", "{C1FFF099-0F82-48F0-822C-9E04AF4FA6BB}"
EndProject
Project("{FAE04EC0-301F-11D3-BF4B-00C04F79EFBC}") = "DogOrCatMaui", "DogOrCatMaui\DogOrCatMaui.csproj", "{BCB9FD27-CC93-4A47-8111-4A9DD24FC057}"
EndProject
Global
	GlobalSection(SolutionConfigurationPlatforms) = preSolution
		Debug|Any CPU = Debug|Any CPU
		Debug|ARM = Debug|ARM
		Debug|iPhone = Debug|iPhone
		Debug|iPhoneSimulator = Debug|iPhoneSimulator
		Debug|x64 = Debug|x64
		Debug|x86 = Debug|x86
		Release|Any CPU = Release|Any CPU
		Release|ARM = Release|ARM
		Release|iPhone = Release|iPhone
		Release|iPhoneSimulator = Release|iPhoneSimulator
		Release|x64 = Release|x64
		Release|x86 = Release|x86
	EndGlobalSection
	GlobalSection(ProjectConfigurationPlatforms) = postSolution
		{FEFE1202-E3FB-4CD4-A8B6-6AEE48F562FA}.Debug|Any CPU.ActiveCfg = Debug|x86
		{FEFE1202-E3FB-4CD4-A8B6-6AEE48F562FA}.Debug|ARM.ActiveCfg = Debug|ARM
		{FEFE1202-E3FB-4CD4-A8B6-6AEE48F562FA}.Debug|ARM.Build.0 = Debug|ARM
		{FEFE1202-E3FB-4CD4-A8B6-6AEE48F562FA}.Debug|ARM.Deploy.0 = Debug|ARM
		{FEFE1202-E3FB-4CD4-A8B6-6AEE48F562FA}.Debug|iPhone.ActiveCfg = Debug|x86
		{FEFE1202-E3FB-4CD4-A8B6-6AEE48F562FA}.Debug|iPhone.Build.0 = Debug|x86
		{FEFE1202-E3FB-4CD4-A8B6-6AEE48F562FA}.Debug|iPhone.Deploy.0 = Debug|x86
		{FEFE1202-E3FB-4CD4-A8B6-6AEE48F562FA}.Debug|iPhoneSimulator.ActiveCfg = Debug|x86
		{FEFE1202-E3FB-4CD4-A8B6-6AEE48F562FA}.Debug|iPhoneSimulator.Build.0 = Debug|x86
		{FEFE1202-E3FB-4CD4-A8B6-6AEE48F562FA}.Debug|iPhoneSimulator.Deploy.0 = Debug|x86
		{FEFE1202-E3FB-4CD4-A8B6-6AEE48F562FA}.Debug|x64.ActiveCfg = Debug|x64
		{FEFE1202-E3FB-4CD4-A8B6-6AEE48F562FA}.Debug|x64.Build.0 = Debug|x64
		{FEFE1202-E3FB-4CD4-A8B6-6AEE48F562FA}.Debug|x64.Deploy.0 = Debug|x64
		{FEFE1202-E3FB-4CD4-A8B6-6AEE48F562FA}.Debug|x86.ActiveCfg = Debug|x86
		{FEFE1202-E3FB-4CD4-A8B6-6AEE48F562FA}.Debug|x86.Build.0 = Debug|x86
		{FEFE1202-E3FB-4CD4-A8B6-6AEE48F562FA}.Debug|x86.Deploy.0 = Debug|x86
		{FEFE1202-E3FB-4CD4-A8B6-6AEE48F562FA}.Release|Any CPU.ActiveCfg = Release|x86
		{FEFE1202-E3FB-4CD4-A8B6-6AEE48F562FA}.Release|Any CPU.Build.0 = Release|x86
		{FEFE1202-E3FB-4CD4-A8B6-6AEE48F562FA}.Release|Any CPU.Deploy.0 = Release|x86
		{FEFE1202-E3FB-4CD4-A8B6-6AEE48F562FA}.Release|ARM.ActiveCfg = Release|ARM
		{FEFE1202-E3FB-4CD4-A8B6-6AEE48F562FA}.Release|ARM.Build.0 = Release|ARM
		{FEFE1202-E3FB-4CD4-A8B6-6AEE48F562FA}.Release|ARM.Deploy.0 = Release|ARM
		{FEFE1202-E3FB-4CD4-A8B6-6AEE48F562FA}.Release|iPhone.ActiveCfg = Release|x86
		{FEFE1202-E3FB-4CD4-A8B6-6AEE48F562FA}.Release|iPhone.Build.0 = Release|x86
		{FEFE1202-E3FB-4CD4-A8B6-6AEE48F562FA}.Release|iPhone.Deploy.0 = Release|x86
		{FEFE1202-E3FB-4CD4-A8B6-6AEE48F562FA}.Release|iPhoneSimulator.ActiveCfg = Release|x86
		{FEFE1202-E3FB-4CD4-A8B6-6AEE48F562FA}.Release|iPhoneSimulator.Build.0 = Release|x86
		{FEFE1202-E3FB-4CD4-A8B6-6AEE48F562FA}.Release|iPhoneSimulator.Deploy.0 = Release|x86
		{FEFE1202-E3FB-4CD4-A8B6-6AEE48F562FA}.Release|x64.ActiveCfg = Release|x64
		{FEFE1202-E3FB-4CD4-A8B6-6AEE48F562FA}.Release|x64.Build.0 = Release|x64
		{FEFE1202-E3FB-4CD4-A8B6-6AEE48F562FA}.Release|x64.Deploy.0 = Release|x64
		{FEFE1202-E3FB-4CD4-A8B6-6AEE48F562FA}.Release|x86.ActiveCfg = Release|x86
		{FEFE1202-E3FB-4CD4-A8B6-6AEE48F562FA}.Release|x86.Build.0 = Release|x86
		{FEFE1202-E3FB-4CD4-A8B6-6AEE48F562FA}.Release|x86.Deploy.0 = Release|x86
		{F38107D1-4770-4BA0-BBB6-C31B8C5F27EB}.Debug|Any CPU.ActiveCfg = Debug|Any CPU
		{F38107D1-4770-4BA0-BBB6-C31B8C5F27EB}.Debug|ARM.ActiveCfg = Debug|Any CPU
		{F38107D1-4770-4BA0-BBB6-C31B8C5F27EB}.Debug|ARM.Build.0 = Debug|Any CPU
		{F38107D1-4770-4BA0-BBB6-C31B8C5F27EB}.Debug|ARM.Deploy.0 = Debug|Any CPU
		{F38107D1-4770-4BA0-BBB6-C31B8C5F27EB}.Debug|iPhone.ActiveCfg = Debug|Any CPU
		{F38107D1-4770-4BA0-BBB6-C31B8C5F27EB}.Debug|iPhone.Build.0 = Debug|Any CPU
		{F38107D1-4770-4BA0-BBB6-C31B8C5F27EB}.Debug|iPhone.Deploy.0 = Debug|Any CPU
		{F38107D1-4770-4BA0-BBB6-C31B8C5F27EB}.Debug|iPhoneSimulator.ActiveCfg = Debug|Any CPU
		{F38107D1-4770-4BA0-BBB6-C31B8C5F27EB}.Debug|iPhoneSimulator.Build.0 = Debug|Any CPU
		{F38107D1-4770-4BA0-BBB6-C31B8C5F27EB}.Debug|iPhoneSimulator.Deploy.0 = Debug|Any CPU
		{F38107D1-4770-4BA0-BBB6-C31B8C5F27EB}.Debug|x64.ActiveCfg = Debug|Any CPU
		{F38107D1-4770-4BA0-BBB6-C31B8C5F27EB}.Debug|x64.Build.0 = Debug|Any CPU
		{F38107D1-4770-4BA0-BBB6-C31B8C5F27EB}.Debug|x64.Deploy.0 = Debug|Any CPU
		{F38107D1-4770-4BA0-BBB6-C31B8C5F27EB}.Debug|x86.ActiveCfg = Debug|Any CPU
		{F38107D1-4770-4BA0-BBB6-C31B8C5F27EB}.Debug|x86.Build.0 = Debug|Any CPU
		{F38107D1-4770-4BA0-BBB6-C31B8C5F27EB}.Debug|x86.Deploy.0 = Debug|Any CPU
		{F38107D1-4770-4BA0-BBB6-C31B8C5F27EB}.Release|Any CPU.ActiveCfg = Release|Any CPU
		{F38107D1-4770-4BA0-BBB6-C31B8C5F27EB}.Release|Any CPU.Build.0 = Release|Any CPU
		{F38107D1-4770-4BA0-BBB6-C31B8C5F27EB}.Release|Any CPU.Deploy.0 = Release|Any CPU
		{F38107D1-4770-4BA0-BBB6-C31B8C5F27EB}.Release|ARM.ActiveCfg = Release|Any CPU
		{F38107D1-4770-4BA0-BBB6-C31B8C5F27EB}.Release|ARM.Build.0 = Release|Any CPU
		{F38107D1-4770-4BA0-BBB6-C31B8C5F27EB}.Release|ARM.Deploy.0 = Release|Any CPU
		{F38107D1-4770-4BA0-BBB6-C31B8C5F27EB}.Release|iPhone.ActiveCfg = Release|Any CPU
		{F38107D1-4770-4BA0-BBB6-C31B8C5F27EB}.Release|iPhone.Build.0 = Release|Any CPU
		{F38107D1-4770-4BA0-BBB6-C31B8C5F27EB}.Release|iPhone.Deploy.0 = Release|Any CPU
		{F38107D1-4770-4BA0-BBB6-C31B8C5F27EB}.Release|iPhoneSimulator.ActiveCfg = Release|Any CPU
		{F38107D1-4770-4BA0-BBB6-C31B8C5F27EB}.Release|iPhoneSimulator.Build.0 = Release|Any CPU
		{F38107D1-4770-4BA0-BBB6-C31B8C5F27EB}.Release|iPhoneSimulator.Deploy.0 = Release|Any CPU
		{F38107D1-4770-4BA0-BBB6-C31B8C5F27EB}.Release|x64.ActiveCfg = Release|Any CPU
		{F38107D1-4770-4BA0-BBB6-C31B8C5F27EB}.Release|x64.Build.0 = Release|Any CPU
		{F38107D1-4770-4BA0-BBB6-C31B8C5F27EB}.Release|x64.Deploy.0 = Release|Any CPU
		{F38107D1-4770-4BA0-BBB6-C31B8C5F27EB}.Release|x86.ActiveCfg = Release|Any CPU
		{F38107D1-4770-4BA0-BBB6-C31B8C5F27EB}.Release|x86.Build.0 = Release|Any CPU
		{F38107D1-4770-4BA0-BBB6-C31B8C5F27EB}.Release|x86.Deploy.0 = Release|Any CPU
		{9846439B-E76B-4BDD-9506-FC7073C39E99}.Debug|Any CPU.ActiveCfg = Debug|iPhone
		{9846439B-E76B-4BDD-9506-FC7073C39E99}.Debug|ARM.ActiveCfg = Debug|iPhoneSimulator
		{9846439B-E76B-4BDD-9506-FC7073C39E99}.Debug|ARM.Build.0 = Debug|iPhoneSimulator
		{9846439B-E76B-4BDD-9506-FC7073C39E99}.Debug|ARM.Deploy.0 = Debug|iPhoneSimulator
		{9846439B-E76B-4BDD-9506-FC7073C39E99}.Debug|iPhone.ActiveCfg = Debug|iPhone
		{9846439B-E76B-4BDD-9506-FC7073C39E99}.Debug|iPhone.Build.0 = Debug|iPhone
		{9846439B-E76B-4BDD-9506-FC7073C39E99}.Debug|iPhone.Deploy.0 = Debug|iPhone
		{9846439B-E76B-4BDD-9506-FC7073C39E99}.Debug|iPhoneSimulator.ActiveCfg = Debug|iPhoneSimulator
		{9846439B-E76B-4BDD-9506-FC7073C39E99}.Debug|iPhoneSimulator.Build.0 = Debug|iPhoneSimulator
		{9846439B-E76B-4BDD-9506-FC7073C39E99}.Debug|iPhoneSimulator.Deploy.0 = Debug|iPhoneSimulator
		{9846439B-E76B-4BDD-9506-FC7073C39E99}.Debug|x64.ActiveCfg = Debug|iPhone
		{9846439B-E76B-4BDD-9506-FC7073C39E99}.Debug|x64.Build.0 = Debug|iPhone
		{9846439B-E76B-4BDD-9506-FC7073C39E99}.Debug|x64.Deploy.0 = Debug|iPhone
		{9846439B-E76B-4BDD-9506-FC7073C39E99}.Debug|x86.ActiveCfg = Debug|iPhone
		{9846439B-E76B-4BDD-9506-FC7073C39E99}.Debug|x86.Build.0 = Debug|iPhone
		{9846439B-E76B-4BDD-9506-FC7073C39E99}.Debug|x86.Deploy.0 = Debug|iPhone
		{9846439B-E76B-4BDD-9506-FC7073C39E99}.Release|Any CPU.ActiveCfg = Release|iPhone
		{9846439B-E76B-4BDD-9506-FC7073C39E99}.Release|Any CPU.Build.0 = Release|iPhone
		{9846439B-E76B-4BDD-9506-FC7073C39E99}.Release|Any CPU.Deploy.0 = Release|iPhone
		{9846439B-E76B-4BDD-9506-FC7073C39E99}.Release|ARM.ActiveCfg = Release|iPhone
		{9846439B-E76B-4BDD-9506-FC7073C39E99}.Release|ARM.Build.0 = Release|iPhone
		{9846439B-E76B-4BDD-9506-FC7073C39E99}.Release|ARM.Deploy.0 = Release|iPhone
		{9846439B-E76B-4BDD-9506-FC7073C39E99}.Release|iPhone.ActiveCfg = Release|iPhone
		{9846439B-E76B-4BDD-9506-FC7073C39E99}.Release|iPhone.Build.0 = Release|iPhone
		{9846439B-E76B-4BDD-9506-FC7073C39E99}.Release|iPhone.Deploy.0 = Release|iPhone
		{9846439B-E76B-4BDD-9506-FC7073C39E99}.Release|iPhoneSimulator.ActiveCfg = Release|iPhoneSimulator
		{9846439B-E76B-4BDD-9506-FC7073C39E99}.Release|iPhoneSimulator.Build.0 = Release|iPhoneSimulator
		{9846439B-E76B-4BDD-9506-FC7073C39E99}.Release|iPhoneSimulator.Deploy.0 = Release|iPhoneSimulator
		{9846439B-E76B-4BDD-9506-FC7073C39E99}.Release|x64.ActiveCfg = Release|iPhone
		{9846439B-E76B-4BDD-9506-FC7073C39E99}.Release|x64.Build.0 = Release|iPhone
		{9846439B-E76B-4BDD-9506-FC7073C39E99}.Release|x64.Deploy.0 = Release|iPhone
		{9846439B-E76B-4BDD-9506-FC7073C39E99}.Release|x86.ActiveCfg = Release|iPhone
		{9846439B-E76B-4BDD-9506-FC7073C39E99}.Release|x86.Build.0 = Release|iPhone
		{9846439B-E76B-4BDD-9506-FC7073C39E99}.Release|x86.Deploy.0 = Release|iPhone
		{C1FFF099-0F82-48F0-822C-9E04AF4FA6BB}.Debug|Any CPU.ActiveCfg = Debug|Any CPU
		{C1FFF099-0F82-48F0-822C-9E04AF4FA6BB}.Debug|ARM.ActiveCfg = Debug|Any CPU
		{C1FFF099-0F82-48F0-822C-9E04AF4FA6BB}.Debug|ARM.Build.0 = Debug|Any CPU
		{C1FFF099-0F82-48F0-822C-9E04AF4FA6BB}.Debug|ARM.Deploy.0 = Debug|Any CPU
		{C1FFF099-0F82-48F0-822C-9E04AF4FA6BB}.Debug|iPhone.ActiveCfg = Debug|Any CPU
		{C1FFF099-0F82-48F0-822C-9E04AF4FA6BB}.Debug|iPhone.Build.0 = Debug|Any CPU
		{C1FFF099-0F82-48F0-822C-9E04AF4FA6BB}.Debug|iPhone.Deploy.0 = Debug|Any CPU
		{C1FFF099-0F82-48F0-822C-9E04AF4FA6BB}.Debug|iPhoneSimulator.ActiveCfg = Debug|Any CPU
		{C1FFF099-0F82-48F0-822C-9E04AF4FA6BB}.Debug|iPhoneSimulator.Build.0 = Debug|Any CPU
		{C1FFF099-0F82-48F0-822C-9E04AF4FA6BB}.Debug|iPhoneSimulator.Deploy.0 = Debug|Any CPU
		{C1FFF099-0F82-48F0-822C-9E04AF4FA6BB}.Debug|x64.ActiveCfg = Debug|Any CPU
		{C1FFF099-0F82-48F0-822C-9E04AF4FA6BB}.Debug|x64.Build.0 = Debug|Any CPU
		{C1FFF099-0F82-48F0-822C-9E04AF4FA6BB}.Debug|x64.Deploy.0 = Debug|Any CPU
		{C1FFF099-0F82-48F0-822C-9E04AF4FA6BB}.Debug|x86.ActiveCfg = Debug|Any CPU
		{C1FFF099-0F82-48F0-822C-9E04AF4FA6BB}.Debug|x86.Build.0 = Debug|Any CPU
		{C1FFF099-0F82-48F0-822C-9E04AF4FA6BB}.Debug|x86.Deploy.0 = Debug|Any CPU
		{C1FFF099-0F82-48F0-822C-9E04AF4FA6BB}.Release|Any CPU.ActiveCfg = Release|Any CPU
		{C1FFF099-0F82-48F0-822C-9E04AF4FA6BB}.Release|Any CPU.Build.0 = Release|Any CPU
		{C1FFF099-0F82-48F0-822C-9E04AF4FA6BB}.Release|Any CPU.Deploy.0 = Release|Any CPU
		{C1FFF099-0F82-48F0-822C-9E04AF4FA6BB}.Release|ARM.ActiveCfg = Release|Any CPU
		{C1FFF099-0F82-48F0-822C-9E04AF4FA6BB}.Release|ARM.Build.0 = Release|Any CPU
		{C1FFF099-0F82-48F0-822C-9E04AF4FA6BB}.Release|ARM.Deploy.0 = Release|Any CPU
		{C1FFF099-0F82-48F0-822C-9E04AF4FA6BB}.Release|iPhone.ActiveCfg = Release|Any CPU
		{C1FFF099-0F82-48F0-822C-9E04AF4FA6BB}.Release|iPhone.Build.0 = Release|Any CPU
		{C1FFF099-0F82-48F0-822C-9E04AF4FA6BB}.Release|iPhone.Deploy.0 = Release|Any CPU
		{C1FFF099-0F82-48F0-822C-9E04AF4FA6BB}.Release|iPhoneSimulator.ActiveCfg = Release|Any CPU
		{C1FFF099-0F82-48F0-822C-9E04AF4FA6BB}.Release|iPhoneSimulator.Build.0 = Release|Any CPU
		{C1FFF099-0F82-48F0-822C-9E04AF4FA6BB}.Release|iPhoneSimulator.Deploy.0 = Release|Any CPU
		{C1FFF099-0F82-48F0-822C-9E04AF4FA6BB}.Release|x64.ActiveCfg = Release|Any CPU
		{C1FFF099-0F82-48F0-822C-9E04AF4FA6BB}.Release|x64.Build.0 = Release|Any CPU
		{C1FFF099-0F82-48F0-822C-9E04AF4FA6BB}.Release|x64.Deploy.0 = Release|Any CPU
		{C1FFF099-0F82-48F0-822C-9E04AF4FA6BB}.Release|x86.ActiveCfg = Release|Any CPU
		{C1FFF099-0F82-48F0-822C-9E04AF4FA6BB}.Release|x86.Build.0 = Release|Any CPU
		{C1FFF099-0F82-48F0-822C-9E04AF4FA6BB}.Release|x86.Deploy.0 = Release|Any CPU
		{BCB9FD27-CC93-4A47-8111-4A9DD24FC057}.Debug|Any CPU.ActiveCfg = Debug|Any CPU
		{BCB9FD27-CC93-4A47-8111-4A9DD24FC057}.Debug|Any CPU.Build.0 = Debug|Any CPU
		{BCB9FD27-CC93-4A47-8111-4A9DD24FC057}.Debug|ARM.ActiveCfg = Debug|Any CPU
		{BCB9FD27-CC93-4A47-8111-4A9DD24FC057}.Debug|ARM.Build.0 = Debug|Any CPU
		{BCB9FD27-CC93-4A47-8111-4A9DD24FC057}.Debug|iPhone.ActiveCfg = Debug|Any CPU
		{BCB9FD27-CC93-4A47-8111-4A9DD24FC057}.Debug|iPhone.Build.0 = Debug|Any CPU
		{BCB9FD27-CC93-4A47-8111-4A9DD24FC057}.Debug|iPhoneSimulator.ActiveCfg = Debug|Any CPU
		{BCB9FD27-CC93-4A47-8111-4A9DD24FC057}.Debug|iPhoneSimulator.Build.0 = Debug|Any CPU
		{BCB9FD27-CC93-4A47-8111-4A9DD24FC057}.Debug|x64.ActiveCfg = Debug|Any CPU
		{BCB9FD27-CC93-4A47-8111-4A9DD24FC057}.Debug|x64.Build.0 = Debug|Any CPU
		{BCB9FD27-CC93-4A47-8111-4A9DD24FC057}.Debug|x86.ActiveCfg = Debug|Any CPU
		{BCB9FD27-CC93-4A47-8111-4A9DD24FC057}.Debug|x86.Build.0 = Debug|Any CPU
		{BCB9FD27-CC93-4A47-8111-4A9DD24FC057}.Release|Any CPU.ActiveCfg = Release|Any CPU
		{BCB9FD27-CC93-4A47-8111-4A9DD24FC057}.Release|Any CPU.Build.0 = Release|Any CPU
		{BCB9FD27-CC93-4A47-8111-4A9DD24FC057}.Release|ARM.ActiveCfg = Release|Any CPU
		{BCB9FD27-CC93-4A47-8111-4A9DD24FC057}.Release|ARM.Build.0 = Release|Any CPU
		{BCB9FD27-CC93-4A47-8111-4A9DD24FC057}.Release|iPhone.ActiveCfg = Release|Any CPU
		{BCB9FD27-CC93-4A47-8111-4A9DD24FC057}.Release|iPhone.Build.0 = Release|Any CPU
		{BCB9FD27-CC93-4A47-8111-4A9DD24FC057}.Release|iPhoneSimulator.ActiveCfg = Release|Any CPU
		{BCB9FD27-CC93-4A47-8111-4A9DD24FC057}.Release|iPhoneSimulator.Build.0 = Release|Any CPU
		{BCB9FD27-CC93-4A47-8111-4A9DD24FC057}.Release|x64.ActiveCfg = Release|Any CPU
		{BCB9FD27-CC93-4A47-8111-4A9DD24FC057}.Release|x64.Build.0 = Release|Any CPU
		{BCB9FD27-CC93-4A47-8111-4A9DD24FC057}.Release|x86.ActiveCfg = Release|Any CPU
		{BCB9FD27-CC93-4A47-8111-4A9DD24FC057}.Release|x86.Build.0 = Release|Any CPU
	EndGlobalSection
	GlobalSection(SolutionProperties) = preSolution
		HideSolutionNode = FALSE
	EndGlobalSection
	GlobalSection(ExtensibilityGlobals) = postSolution
		SolutionGuid = {E26138D0-BE9F-499B-AB68-A0385C4F43BB}
	EndGlobalSection
EndGlobal
